
Microsoft Visual Studio Solution File, Format Version 12.00
# Visual Studio Version 17
VisualStudioVersion = 17.0.31912.275
MinimumVisualStudioVersion = 10.0.40219.1
Project("{2150E333-8FDC-42A3-9474-1A3956D46DE8}") = "Services", "Services", "{0BC73FEF-AC82-4A6C-952F-3FFCEB82B482}"
EndProject
Project("{2150E333-8FDC-42A3-9474-1A3956D46DE8}") = "Contact", "Contact", "{A85FC940-1A23-4CFB-8007-257B086F94E2}"
EndProject
Project("{9A19103F-16F7-4668-BE54-9A1E7A4F7556}") = "Contact.Service", "Services\Contact\Contact.Service\Contact.Service.csproj", "{2499E8B7-0CE0-45EC-B962-AA9B1526ADB5}"
EndProject
Project("{2150E333-8FDC-42A3-9474-1A3956D46DE8}") = "Shared", "Shared", "{E92A711E-8392-4B58-B4FD-BC209801188B}"
	ProjectSection(SolutionItems) = preProject
		Services\Contact\Contact.Service\Dtos\ContactStatisticsDto.cs = Services\Contact\Contact.Service\Dtos\ContactStatisticsDto.cs
	EndProjectSection
EndProject
Project("{9A19103F-16F7-4668-BE54-9A1E7A4F7556}") = "Shared", "Shared\Shared.csproj", "{C2A1E31B-DC4E-4CEA-8774-AC66695FA3A3}"
EndProject
Project("{2150E333-8FDC-42A3-9474-1A3956D46DE8}") = "Report", "Report", "{DAB6601F-0828-46EE-8699-DF1F47671DED}"
EndProject
Project("{9A19103F-16F7-4668-BE54-9A1E7A4F7556}") = "Report.Service", "Services\Report\Report.Service\Report.Service.csproj", "{8130E6FB-16A3-4F5D-87B9-3ABBA43FF064}"
EndProject
Project("{2150E333-8FDC-42A3-9474-1A3956D46DE8}") = "UnitTests", "UnitTests", "{C5E3759E-6AA1-4929-B6BF-52FB99E5DC8E}"
EndProject
Project("{9A19103F-16F7-4668-BE54-9A1E7A4F7556}") = "Contact.ServiceTests", "UnitTests\Contact.ServiceTests\Contact.ServiceTests.csproj", "{FFB33726-FEAA-40A9-A1CD-55B3919C69EE}"
EndProject
Project("{9A19103F-16F7-4668-BE54-9A1E7A4F7556}") = "Report.ServiceTests", "UnitTests\Report.ServiceTests\Report.ServiceTests.csproj", "{2BB818D1-45BA-49F0-8C09-39C18F182223}"
EndProject
Global
	GlobalSection(SolutionConfigurationPlatforms) = preSolution
		Debug|Any CPU = Debug|Any CPU
		Release|Any CPU = Release|Any CPU
	EndGlobalSection
	GlobalSection(ProjectConfigurationPlatforms) = postSolution
		{2499E8B7-0CE0-45EC-B962-AA9B1526ADB5}.Debug|Any CPU.ActiveCfg = Debug|Any CPU
		{2499E8B7-0CE0-45EC-B962-AA9B1526ADB5}.Debug|Any CPU.Build.0 = Debug|Any CPU
		{2499E8B7-0CE0-45EC-B962-AA9B1526ADB5}.Release|Any CPU.ActiveCfg = Release|Any CPU
		{2499E8B7-0CE0-45EC-B962-AA9B1526ADB5}.Release|Any CPU.Build.0 = Release|Any CPU
		{C2A1E31B-DC4E-4CEA-8774-AC66695FA3A3}.Debug|Any CPU.ActiveCfg = Debug|Any CPU
		{C2A1E31B-DC4E-4CEA-8774-AC66695FA3A3}.Debug|Any CPU.Build.0 = Debug|Any CPU
		{C2A1E31B-DC4E-4CEA-8774-AC66695FA3A3}.Release|Any CPU.ActiveCfg = Release|Any CPU
		{C2A1E31B-DC4E-4CEA-8774-AC66695FA3A3}.Release|Any CPU.Build.0 = Release|Any CPU
		{8130E6FB-16A3-4F5D-87B9-3ABBA43FF064}.Debug|Any CPU.ActiveCfg = Debug|Any CPU
		{8130E6FB-16A3-4F5D-87B9-3ABBA43FF064}.Debug|Any CPU.Build.0 = Debug|Any CPU
		{8130E6FB-16A3-4F5D-87B9-3ABBA43FF064}.Release|Any CPU.ActiveCfg = Release|Any CPU
		{8130E6FB-16A3-4F5D-87B9-3ABBA43FF064}.Release|Any CPU.Build.0 = Release|Any CPU
		{FFB33726-FEAA-40A9-A1CD-55B3919C69EE}.Debug|Any CPU.ActiveCfg = Debug|Any CPU
		{FFB33726-FEAA-40A9-A1CD-55B3919C69EE}.Debug|Any CPU.Build.0 = Debug|Any CPU
		{FFB33726-FEAA-40A9-A1CD-55B3919C69EE}.Release|Any CPU.ActiveCfg = Release|Any CPU
		{FFB33726-FEAA-40A9-A1CD-55B3919C69EE}.Release|Any CPU.Build.0 = Release|Any CPU
		{2BB818D1-45BA-49F0-8C09-39C18F182223}.Debug|Any CPU.ActiveCfg = Debug|Any CPU
		{2BB818D1-45BA-49F0-8C09-39C18F182223}.Debug|Any CPU.Build.0 = Debug|Any CPU
		{2BB818D1-45BA-49F0-8C09-39C18F182223}.Release|Any CPU.ActiveCfg = Release|Any CPU
		{2BB818D1-45BA-49F0-8C09-39C18F182223}.Release|Any CPU.Build.0 = Release|Any CPU
	EndGlobalSection
	GlobalSection(SolutionProperties) = preSolution
		HideSolutionNode = FALSE
	EndGlobalSection
	GlobalSection(NestedProjects) = preSolution
		{A85FC940-1A23-4CFB-8007-257B086F94E2} = {0BC73FEF-AC82-4A6C-952F-3FFCEB82B482}
		{2499E8B7-0CE0-45EC-B962-AA9B1526ADB5} = {A85FC940-1A23-4CFB-8007-257B086F94E2}
		{C2A1E31B-DC4E-4CEA-8774-AC66695FA3A3} = {E92A711E-8392-4B58-B4FD-BC209801188B}
		{DAB6601F-0828-46EE-8699-DF1F47671DED} = {0BC73FEF-AC82-4A6C-952F-3FFCEB82B482}
		{8130E6FB-16A3-4F5D-87B9-3ABBA43FF064} = {DAB6601F-0828-46EE-8699-DF1F47671DED}
		{FFB33726-FEAA-40A9-A1CD-55B3919C69EE} = {C5E3759E-6AA1-4929-B6BF-52FB99E5DC8E}
		{2BB818D1-45BA-49F0-8C09-39C18F182223} = {C5E3759E-6AA1-4929-B6BF-52FB99E5DC8E}
	EndGlobalSection
	GlobalSection(ExtensibilityGlobals) = postSolution
		SolutionGuid = {2C259DAC-5B56-4589-B7DA-9D1484E3BDA0}
	EndGlobalSection
EndGlobal
